// !$*UTF8*$!
{
	archiveVersion = 1;
	classes = {
	};
	objectVersion = 46;
	objects = {

/* Begin PBXBuildFile section */
		238651E11B4CEC5D0064E396 /* AppDelegate.swift in Sources */ = {isa = PBXBuildFile; fileRef = 238651E01B4CEC5D0064E396 /* AppDelegate.swift */; };
		238651E31B4CEC5D0064E396 /* ViewController.swift in Sources */ = {isa = PBXBuildFile; fileRef = 238651E21B4CEC5D0064E396 /* ViewController.swift */; };
		238651E61B4CEC5D0064E396 /* Main.storyboard in Resources */ = {isa = PBXBuildFile; fileRef = 238651E41B4CEC5D0064E396 /* Main.storyboard */; };
		238651E81B4CEC5D0064E396 /* Images.xcassets in Resources */ = {isa = PBXBuildFile; fileRef = 238651E71B4CEC5D0064E396 /* Images.xcassets */; };
		238651EB1B4CEC5D0064E396 /* LaunchScreen.xib in Resources */ = {isa = PBXBuildFile; fileRef = 238651E91B4CEC5D0064E396 /* LaunchScreen.xib */; };
		238651F71B4CEC5D0064E396 /* lit_count1Tests.swift in Sources */ = {isa = PBXBuildFile; fileRef = 238651F61B4CEC5D0064E396 /* lit_count1Tests.swift */; };
/* End PBXBuildFile section */

/* Begin PBXContainerItemProxy section */
		238651F11B4CEC5D0064E396 /* PBXContainerItemProxy */ = {
			isa = PBXContainerItemProxy;
			containerPortal = 238651D31B4CEC5D0064E396 /* Project object */;
			proxyType = 1;
			remoteGlobalIDString = 238651DA1B4CEC5D0064E396;
			remoteInfo = lit_count1;
		};
/* End PBXContainerItemProxy section */

/* Begin PBXFileReference section */
		238651DB1B4CEC5D0064E396 /* lit_count1.app */ = {isa = PBXFileReference; explicitFileType = wrapper.application; includeInIndex = 0; path = lit_count1.app; sourceTree = BUILT_PRODUCTS_DIR; };
		238651DF1B4CEC5D0064E396 /* Info.plist */ = {isa = PBXFileReference; lastKnownFileType = text.plist.xml; path = Info.plist; sourceTree = "<group>"; };
		238651E01B4CEC5D0064E396 /* AppDelegate.swift */ = {isa = PBXFileReference; lastKnownFileType = sourcecode.swift; path = AppDelegate.swift; sourceTree = "<group>"; };
		238651E21B4CEC5D0064E396 /* ViewController.swift */ = {isa = PBXFileReference; lastKnownFileType = sourcecode.swift; path = ViewController.swift; sourceTree = "<group>"; };
		238651E51B4CEC5D0064E396 /* Base */ = {isa = PBXFileReference; lastKnownFileType = file.storyboard; name = Base; path = Base.lproj/Main.storyboard; sourceTree = "<group>"; };
		238651E71B4CEC5D0064E396 /* Images.xcassets */ = {isa = PBXFileReference; lastKnownFileType = folder.assetcatalog; path = Images.xcassets; sourceTree = "<group>"; };
		238651EA1B4CEC5D0064E396 /* Base */ = {isa = PBXFileReference; lastKnownFileType = file.xib; name = Base; path = Base.lproj/LaunchScreen.xib; sourceTree = "<group>"; };
		238651F01B4CEC5D0064E396 /* lit_count1Tests.xctest */ = {isa = PBXFileReference; explicitFileType = wrapper.cfbundle; includeInIndex = 0; path = lit_count1Tests.xctest; sourceTree = BUILT_PRODUCTS_DIR; };
		238651F51B4CEC5D0064E396 /* Info.plist */ = {isa = PBXFileReference; lastKnownFileType = text.plist.xml; path = Info.plist; sourceTree = "<group>"; };
		238651F61B4CEC5D0064E396 /* lit_count1Tests.swift */ = {isa = PBXFileReference; lastKnownFileType = sourcecode.swift; path = lit_count1Tests.swift; sourceTree = "<group>"; };
/* End PBXFileReference section */

/* Begin PBXFrameworksBuildPhase section */
		238651D81B4CEC5D0064E396 /* Frameworks */ = {
			isa = PBXFrameworksBuildPhase;
			buildActionMask = 2147483647;
			files = (
			);
			runOnlyForDeploymentPostprocessing = 0;
		};
		238651ED1B4CEC5D0064E396 /* Frameworks */ = {
			isa = PBXFrameworksBuildPhase;
			buildActionMask = 2147483647;
			files = (
			);
			runOnlyForDeploymentPostprocessing = 0;
		};
/* End PBXFrameworksBuildPhase section */

/* Begin PBXGroup section */
		238651D21B4CEC5D0064E396 = {
			isa = PBXGroup;
			children = (
				238651DD1B4CEC5D0064E396 /* lit_count1 */,
				238651F31B4CEC5D0064E396 /* lit_count1Tests */,
				238651DC1B4CEC5D0064E396 /* Products */,
			);
			sourceTree = "<group>";
		};
		238651DC1B4CEC5D0064E396 /* Products */ = {
			isa = PBXGroup;
			children = (
				238651DB1B4CEC5D0064E396 /* lit_count1.app */,
				238651F01B4CEC5D0064E396 /* lit_count1Tests.xctest */,
			);
			name = Products;
			sourceTree = "<group>";
		};
		238651DD1B4CEC5D0064E396 /* lit_count1 */ = {
			isa = PBXGroup;
			children = (
				238651E01B4CEC5D0064E396 /* AppDelegate.swift */,
				238651E21B4CEC5D0064E396 /* ViewController.swift */,
				238651E41B4CEC5D0064E396 /* Main.storyboard */,
				238651E71B4CEC5D0064E396 /* Images.xcassets */,
				238651E91B4CEC5D0064E396 /* LaunchScreen.xib */,
				238651DE1B4CEC5D0064E396 /* Supporting Files */,
			);
			path = lit_count1;
			sourceTree = "<group>";
		};
		238651DE1B4CEC5D0064E396 /* Supporting Files */ = {
			isa = PBXGroup;
			children = (
				238651DF1B4CEC5D0064E396 /* Info.plist */,
			);
			name = "Supporting Files";
			sourceTree = "<group>";
		};
		238651F31B4CEC5D0064E396 /* lit_count1Tests */ = {
			isa = PBXGroup;
			children = (
				238651F61B4CEC5D0064E396 /* lit_count1Tests.swift */,
				238651F41B4CEC5D0064E396 /* Supporting Files */,
			);
			path = lit_count1Tests;
			sourceTree = "<group>";
		};
		238651F41B4CEC5D0064E396 /* Supporting Files */ = {
			isa = PBXGroup;
			children = (
				238651F51B4CEC5D0064E396 /* Info.plist */,
			);
			name = "Supporting Files";
			sourceTree = "<group>";
		};
/* End PBXGroup section */

/* Begin PBXNativeTarget section */
		238651DA1B4CEC5D0064E396 /* lit_count1 */ = {
			isa = PBXNativeTarget;
			buildConfigurationList = 238651FA1B4CEC5D0064E396 /* Build configuration list for PBXNativeTarget "lit_count1" */;
			buildPhases = (
				238651D71B4CEC5D0064E396 /* Sources */,
				238651D81B4CEC5D0064E396 /* Frameworks */,
				238651D91B4CEC5D0064E396 /* Resources */,
			);
			buildRules = (
			);
			dependencies = (
			);
			name = lit_count1;
			productName = lit_count1;
			productReference = 238651DB1B4CEC5D0064E396 /* lit_count1.app */;
			productType = "com.apple.product-type.application";
		};
		238651EF1B4CEC5D0064E396 /* lit_count1Tests */ = {
			isa = PBXNativeTarget;
			buildConfigurationList = 238651FD1B4CEC5D0064E396 /* Build configuration list for PBXNativeTarget "lit_count1Tests" */;
			buildPhases = (
				238651EC1B4CEC5D0064E396 /* Sources */,
				238651ED1B4CEC5D0064E396 /* Frameworks */,
				238651EE1B4CEC5D0064E396 /* Resources */,
			);
			buildRules = (
			);
			dependencies = (
				238651F21B4CEC5D0064E396 /* PBXTargetDependency */,
			);
			name = lit_count1Tests;
			productName = lit_count1Tests;
			productReference = 238651F01B4CEC5D0064E396 /* lit_count1Tests.xctest */;
			productType = "com.apple.product-type.bundle.unit-test";
		};
/* End PBXNativeTarget section */

/* Begin PBXProject section */
		238651D31B4CEC5D0064E396 /* Project object */ = {
			isa = PBXProject;
			attributes = {
				LastUpgradeCheck = 0630;
				ORGANIZATIONNAME = "keita kutsuno";
				TargetAttributes = {
					238651DA1B4CEC5D0064E396 = {
						CreatedOnToolsVersion = 6.3.2;
					};
					238651EF1B4CEC5D0064E396 = {
						CreatedOnToolsVersion = 6.3.2;
						TestTargetID = 238651DA1B4CEC5D0064E396;
					};
				};
			};
			buildConfigurationList = 238651D61B4CEC5D0064E396 /* Build configuration list for PBXProject "lit_count1" */;
			compatibilityVersion = "Xcode 3.2";
			developmentRegion = English;
			hasScannedForEncodings = 0;
			knownRegions = (
				en,
				Base,
			);
			mainGroup = 238651D21B4CEC5D0064E396;
			productRefGroup = 238651DC1B4CEC5D0064E396 /* Products */;
			projectDirPath = "";
			projectRoot = "";
			targets = (
				238651DA1B4CEC5D0064E396 /* lit_count1 */,
				238651EF1B4CEC5D0064E396 /* lit_count1Tests */,
			);
		};
/* End PBXProject section */

/* Begin PBXResourcesBuildPhase section */
		238651D91B4CEC5D0064E396 /* Resources */ = {
			isa = PBXResourcesBuildPhase;
			buildActionMask = 2147483647;
			files = (
				238651E61B4CEC5D0064E396 /* Main.storyboard in Resources */,
				238651EB1B4CEC5D0064E396 /* LaunchScreen.xib in Resources */,
				238651E81B4CEC5D0064E396 /* Images.xcassets in Resources */,
			);
			runOnlyForDeploymentPostprocessing = 0;
		};
		238651EE1B4CEC5D0064E396 /* Resources */ = {
			isa = PBXResourcesBuildPhase;
			buildActionMask = 2147483647;
			files = (
			);
			runOnlyForDeploymentPostprocessing = 0;
		};
/* End PBXResourcesBuildPhase section */

/* Begin PBXSourcesBuildPhase section */
		238651D71B4CEC5D0064E396 /* Sources */ = {
			isa = PBXSourcesBuildPhase;
			buildActionMask = 2147483647;
			files = (
				238651E31B4CEC5D0064E396 /* ViewController.swift in Sources */,
				238651E11B4CEC5D0064E396 /* AppDelegate.swift in Sources */,
			);
			runOnlyForDeploymentPostprocessing = 0;
		};
		238651EC1B4CEC5D0064E396 /* Sources */ = {
			isa = PBXSourcesBuildPhase;
			buildActionMask = 2147483647;
			files = (
				238651F71B4CEC5D0064E396 /* lit_count1Tests.swift in Sources */,
			);
			runOnlyForDeploymentPostprocessing = 0;
		};
/* End PBXSourcesBuildPhase section */

/* Begin PBXTargetDependency section */
		238651F21B4CEC5D0064E396 /* PBXTargetDependency */ = {
			isa = PBXTargetDependency;
			target = 238651DA1B4CEC5D0064E396 /* lit_count1 */;
			targetProxy = 238651F11B4CEC5D0064E396 /* PBXContainerItemProxy */;
		};
/* End PBXTargetDependency section */

/* Begin PBXVariantGroup section */
		238651E41B4CEC5D0064E396 /* Main.storyboard */ = {
			isa = PBXVariantGroup;
			children = (
				238651E51B4CEC5D0064E396 /* Base */,
			);
			name = Main.storyboard;
			sourceTree = "<group>";
		};
		238651E91B4CEC5D0064E396 /* LaunchScreen.xib */ = {
			isa = PBXVariantGroup;
			children = (
				238651EA1B4CEC5D0064E396 /* Base */,
			);
			name = LaunchScreen.xib;
			sourceTree = "<group>";
		};
/* End PBXVariantGroup section */

/* Begin XCBuildConfiguration section */
		238651F81B4CEC5D0064E396 /* Debug */ = {
			isa = XCBuildConfiguration;
			buildSettings = {
				ALWAYS_SEARCH_USER_PATHS = NO;
				CLANG_CXX_LANGUAGE_STANDARD = "gnu++0x";
				CLANG_CXX_LIBRARY = "libc++";
				CLANG_ENABLE_MODULES = YES;
				CLANG_ENABLE_OBJC_ARC = YES;
				CLANG_WARN_BOOL_CONVERSION = YES;
				CLANG_WARN_CONSTANT_CONVERSION = YES;
				CLANG_WARN_DIRECT_OBJC_ISA_USAGE = YES_ERROR;
				CLANG_WARN_EMPTY_BODY = YES;
				CLANG_WARN_ENUM_CONVERSION = YES;
				CLANG_WARN_INT_CONVERSION = YES;
				CLANG_WARN_OBJC_ROOT_CLASS = YES_ERROR;
				CLANG_WARN_UNREACHABLE_CODE = YES;
				CLANG_WARN__DUPLICATE_METHOD_MATCH = YES;
				"CODE_SIGN_IDENTITY[sdk=iphoneos*]" = "iPhone Developer";
				COPY_PHASE_STRIP = NO;
				DEBUG_INFORMATION_FORMAT = "dwarf-with-dsym";
				ENABLE_STRICT_OBJC_MSGSEND = YES;
				GCC_C_LANGUAGE_STANDARD = gnu99;
				GCC_DYNAMIC_NO_PIC = NO;
				GCC_NO_COMMON_BLOCKS = YES;
				GCC_OPTIMIZATION_LEVEL = 0;
				GCC_PREPROCESSOR_DEFINITIONS = (
					"DEBUG=1",
					"$(inherited)",
				);
				GCC_SYMBOLS_PRIVATE_EXTERN = NO;
				GCC_WARN_64_TO_32_BIT_CONVERSION = YES;
				GCC_WARN_ABOUT_RETURN_TYPE = YES_ERROR;
				GCC_WARN_UNDECLARED_SELECTOR = YES;
				GCC_WARN_UNINITIALIZED_AUTOS = YES_AGGRESSIVE;
				GCC_WARN_UNUSED_FUNCTION = YES;
				GCC_WARN_UNUSED_VARIABLE = YES;
				IPHONEOS_DEPLOYMENT_TARGET = 8.3;
				MTL_ENABLE_DEBUG_INFO = YES;
				ONLY_ACTIVE_ARCH = YES;
				SDKROOT = iphoneos;
				SWIFT_OPTIMIZATION_LEVEL = "-Onone";
			};
			name = Debug;
		};
		238651F91B4CEC5D0064E396 /* Release */ = {
			isa = XCBuildConfiguration;
			buildSettings = {
				ALWAYS_SEARCH_USER_PATHS = NO;
				CLANG_CXX_LANGUAGE_STANDARD = "gnu++0x";
				CLANG_CXX_LIBRARY = "libc++";
				CLANG_ENABLE_MODULES = YES;
				CLANG_ENABLE_OBJC_ARC = YES;
				CLANG_WARN_BOOL_CONVERSION = YES;
				CLANG_WARN_CONSTANT_CONVERSION = YES;
				CLANG_WARN_DIRECT_OBJC_ISA_USAGE = YES_ERROR;
				CLANG_WARN_EMPTY_BODY = YES;
				CLANG_WARN_ENUM_CONVERSION = YES;
				CLANG_WARN_INT_CONVERSION = YES;
				CLANG_WARN_OBJC_ROOT_CLASS = YES_ERROR;
				CLANG_WARN_UNREACHABLE_CODE = YES;
				CLANG_WARN__DUPLICATE_METHOD_MATCH = YES;
				"CODE_SIGN_IDENTITY[sdk=iphoneos*]" = "iPhone Developer";
				COPY_PHASE_STRIP = NO;
				DEBUG_INFORMATION_FORMAT = "dwarf-with-dsym";
				ENABLE_NS_ASSERTIONS = NO;
				ENABLE_STRICT_OBJC_MSGSEND = YES;
				GCC_C_LANGUAGE_STANDARD = gnu99;
				GCC_NO_COMMON_BLOCKS = YES;
				GCC_WARN_64_TO_32_BIT_CONVERSION = YES;
				GCC_WARN_ABOUT_RETURN_TYPE = YES_ERROR;
				GCC_WARN_UNDECLARED_SELECTOR = YES;
				GCC_WARN_UNINITIALIZED_AUTOS = YES_AGGRESSIVE;
				GCC_WARN_UNUSED_FUNCTION = YES;
				GCC_WARN_UNUSED_VARIABLE = YES;
				IPHONEOS_DEPLOYMENT_TARGET = 8.3;
				MTL_ENABLE_DEBUG_INFO = NO;
				SDKROOT = iphoneos;
				VALIDATE_PRODUCT = YES;
			};
			name = Release;
		};
		238651FB1B4CEC5D0064E396 /* Debug */ = {
			isa = XCBuildConfiguration;
			buildSettings = {
				ASSETCATALOG_COMPILER_APPICON_NAME = AppIcon;
				INFOPLIST_FILE = lit_count1/Info.plist;
				LD_RUNPATH_SEARCH_PATHS = "$(inherited) @executable_path/Frameworks";
				PRODUCT_NAME = "$(TARGET_NAME)";
			};
			name = Debug;
		};
		238651FC1B4CEC5D0064E396 /* Release */ = {
			isa = XCBuildConfiguration;
			buildSettings = {
				ASSETCATALOG_COMPILER_APPICON_NAME = AppIcon;
				INFOPLIST_FILE = lit_count1/Info.plist;
				LD_RUNPATH_SEARCH_PATHS = "$(inherited) @executable_path/Frameworks";
				PRODUCT_NAME = "$(TARGET_NAME)";
			};
			name = Release;
		};
		238651FE1B4CEC5D0064E396 /* Debug */ = {
			isa = XCBuildConfiguration;
			buildSettings = {
				BUNDLE_LOADER = "$(TEST_HOST)";
				FRAMEWORK_SEARCH_PATHS = (
					"$(SDKROOT)/Developer/Library/Frameworks",
					"$(inherited)",
				);
				GCC_PREPROCESSOR_DEFINITIONS = (
					"DEBUG=1",
					"$(inherited)",
				);
				INFOPLIST_FILE = lit_count1Tests/Info.plist;
				LD_RUNPATH_SEARCH_PATHS = "$(inherited) @executable_path/Frameworks @loader_path/Frameworks";
				PRODUCT_NAME = "$(TARGET_NAME)";
				TEST_HOST = "$(BUILT_PRODUCTS_DIR)/lit_count1.app/lit_count1";
			};
			name = Debug;
		};
		238651FF1B4CEC5D0064E396 /* Release */ = {
			isa = XCBuildConfiguration;
			buildSettings = {
				BUNDLE_LOADER = "$(TEST_HOST)";
				FRAMEWORK_SEARCH_PATHS = (
					"$(SDKROOT)/Developer/Library/Frameworks",
					"$(inherited)",
				);
				INFOPLIST_FILE = lit_count1Tests/Info.plist;
				LD_RUNPATH_SEARCH_PATHS = "$(inherited) @executable_path/Frameworks @loader_path/Frameworks";
				PRODUCT_NAME = "$(TARGET_NAME)";
				TEST_HOST = "$(BUILT_PRODUCTS_DIR)/lit_count1.app/lit_count1";
			};
			name = Release;
		};
/* End XCBuildConfiguration section */

/* Begin XCConfigurationList section */
		238651D61B4CEC5D0064E396 /* Build configuration list for PBXProject "lit_count1" */ = {
			isa = XCConfigurationList;
			buildConfigurations = (
				238651F81B4CEC5D0064E396 /* Debug */,
				238651F91B4CEC5D0064E396 /* Release */,
			);
			defaultConfigurationIsVisible = 0;
			defaultConfigurationName = Release;
		};
		238651FA1B4CEC5D0064E396 /* Build configuration list for PBXNativeTarget "lit_count1" */ = {
			isa = XCConfigurationList;
			buildConfigurations = (
				238651FB1B4CEC5D0064E396 /* Debug */,
				238651FC1B4CEC5D0064E396 /* Release */,
			);
			defaultConfigurationIsVisible = 0;
		};
		238651FD1B4CEC5D0064E396 /* Build configuration list for PBXNativeTarget "lit_count1Tests" */ = {
			isa = XCConfigurationList;
			buildConfigurations = (
				238651FE1B4CEC5D0064E396 /* Debug */,
				238651FF1B4CEC5D0064E396 /* Release */,
			);
			defaultConfigurationIsVisible = 0;
		};
/* End XCConfigurationList section */
	};
	rootObject = 238651D31B4CEC5D0064E396 /* Project object */;
}
